
Microsoft Visual Studio Solution File, Format Version 12.00
# Visual Studio Version 17
VisualStudioVersion = 17.0.31903.59
MinimumVisualStudioVersion = 10.0.40219.1
Project("{FAE04EC0-301F-11D3-BF4B-00C04F79EFBC}") = "SignalGlance", "SignalGlance\SignalGlance.csproj", "{3FC5DE04-51B4-400B-B573-85460687F08E}"
EndProject
Project("{FAE04EC0-301F-11D3-BF4B-00C04F79EFBC}") = "SignalGlance.Installer", "SignalGlance.Installer\SignalGlance.Installer.csproj", "{33B91A04-8B33-4872-ABE4-9ABAF8509D6A}"
EndProject
Global
	GlobalSection(SolutionConfigurationPlatforms) = preSolution
		Debug|Any CPU = Debug|Any CPU
		Release|Any CPU = Release|Any CPU
	EndGlobalSection
	GlobalSection(SolutionProperties) = preSolution
		HideSolutionNode = FALSE
	EndGlobalSection
	GlobalSection(ProjectConfigurationPlatforms) = postSolution
		{3FC5DE04-51B4-400B-B573-85460687F08E}.Debug|Any CPU.ActiveCfg = Debug|Any CPU
		{3FC5DE04-51B4-400B-B573-85460687F08E}.Debug|Any CPU.Build.0 = Debug|Any CPU
		{3FC5DE04-51B4-400B-B573-85460687F08E}.Release|Any CPU.ActiveCfg = Release|Any CPU
		{3FC5DE04-51B4-400B-B573-85460687F08E}.Release|Any CPU.Build.0 = Release|Any CPU
		{33B91A04-8B33-4872-ABE4-9ABAF8509D6A}.Debug|Any CPU.ActiveCfg = Debug|Any CPU
		{33B91A04-8B33-4872-ABE4-9ABAF8509D6A}.Debug|Any CPU.Build.0 = Debug|Any CPU
		{33B91A04-8B33-4872-ABE4-9ABAF8509D6A}.Release|Any CPU.ActiveCfg = Release|Any CPU
		{33B91A04-8B33-4872-ABE4-9ABAF8509D6A}.Release|Any CPU.Build.0 = Release|Any CPU
	EndGlobalSection
EndGlobal
